
Microsoft Visual Studio Solution File, Format Version 12.00
# Visual Studio Version 17
VisualStudioVersion = 17.5.33530.505
MinimumVisualStudioVersion = 10.0.40219.1
Project("{FAE04EC0-301F-11D3-BF4B-00C04F79EFBC}") = "WeatherTracker.BackEnd", "WeatherTracker.BackEnd\WeatherTracker.BackEnd.csproj", "{BAB03810-B878-4816-9417-D90D148D70EE}"
EndProject
Global
	GlobalSection(SolutionConfigurationPlatforms) = preSolution
		Debug|Any CPU = Debug|Any CPU
		Release|Any CPU = Release|Any CPU
	EndGlobalSection
	GlobalSection(ProjectConfigurationPlatforms) = postSolution
		{BAB03810-B878-4816-9417-D90D148D70EE}.Debug|Any CPU.ActiveCfg = Debug|Any CPU
		{BAB03810-B878-4816-9417-D90D148D70EE}.Debug|Any CPU.Build.0 = Debug|Any CPU
		{BAB03810-B878-4816-9417-D90D148D70EE}.Release|Any CPU.ActiveCfg = Release|Any CPU
		{BAB03810-B878-4816-9417-D90D148D70EE}.Release|Any CPU.Build.0 = Release|Any CPU
	EndGlobalSection
	GlobalSection(SolutionProperties) = preSolution
		HideSolutionNode = FALSE
	EndGlobalSection
	GlobalSection(ExtensibilityGlobals) = postSolution
		SolutionGuid = {45B56D02-8CF4-4D99-B12B-04138F2843CD}
	EndGlobalSection
EndGlobal
